
Microsoft Visual Studio Solution File, Format Version 9.00
# Visual Studio 2005
Project("{FAE04EC0-301F-11D3-BF4B-00C04F79EFBC}") = "test", "test.csproj", "{2E8D5033-531D-4876-A289-F58690021C40}"
EndProject
Global
	GlobalSection(SolutionConfigurationPlatforms) = preSolution
		Debug|Any CPU = Debug|Any CPU
		Release|Any CPU = Release|Any CPU
	EndGlobalSection
	GlobalSection(ProjectConfigurationPlatforms) = postSolution
		{2E8D5033-531D-4876-A289-F58690021C40}.Debug|Any CPU.ActiveCfg = Debug|Any CPU
		{2E8D5033-531D-4876-A289-F58690021C40}.Debug|Any CPU.Build.0 = Debug|Any CPU
		{2E8D5033-531D-4876-A289-F58690021C40}.Release|Any CPU.ActiveCfg = Release|Any CPU
		{2E8D5033-531D-4876-A289-F58690021C40}.Release|Any CPU.Build.0 = Release|Any CPU
	EndGlobalSection
	GlobalSection(SolutionProperties) = preSolution
		HideSolutionNode = FALSE
	EndGlobalSection
EndGlobal
